Microsoft Visual Studio Solution File, Format Version 8.00
Project("{8BC9CEB8-8B4A-11D0-8D11-00A0C91BC942}") = "test", "test.vcproj", "{59FA5B1C-9CF6-4EED-AEF4-E8B45C7FD4EA}"
	ProjectSection(ProjectDependencies) = postProject
		{0A6A6ABD-B67D-41D6-916B-718B477E9D4F} = {0A6A6ABD-B67D-41D6-916B-718B477E9D4F}
	EndProjectSection
EndProject
Project("{8BC9CEB8-8B4A-11D0-8D11-00A0C91BC942}") = "CLucene", "CLucene.vcproj", "{0A6A6ABD-B67D-41D6-916B-718B477E9D4F}"
	ProjectSection(ProjectDependencies) = postProject
	EndProjectSection
EndProject
Global
	GlobalSection(SolutionConfiguration) = preSolution
		Debug = Debug
		Release = Release
	EndGlobalSection
	GlobalSection(ProjectConfiguration) = postSolution
		{59FA5B1C-9CF6-4EED-AEF4-E8B45C7FD4EA}.Debug.ActiveCfg = Debug|Win32
		{59FA5B1C-9CF6-4EED-AEF4-E8B45C7FD4EA}.Debug.Build.0 = Debug|Win32
		{59FA5B1C-9CF6-4EED-AEF4-E8B45C7FD4EA}.Release.ActiveCfg = Release|Win32
		{59FA5B1C-9CF6-4EED-AEF4-E8B45C7FD4EA}.Release.Build.0 = Release|Win32
		{0A6A6ABD-B67D-41D6-916B-718B477E9D4F}.Debug.ActiveCfg = Debug|Win32
		{0A6A6ABD-B67D-41D6-916B-718B477E9D4F}.Debug.Build.0 = Debug|Win32
		{0A6A6ABD-B67D-41D6-916B-718B477E9D4F}.Release.ActiveCfg = Release|Win32
		{0A6A6ABD-B67D-41D6-916B-718B477E9D4F}.Release.Build.0 = Release|Win32
	EndGlobalSection
	GlobalSection(ExtensibilityGlobals) = postSolution
	EndGlobalSection
	GlobalSection(ExtensibilityAddIns) = postSolution
	EndGlobalSection
EndGlobal
